{
  "name": "opensource-index",
  "lockfileVersion": 3,
  "requires": true,
  "packages": {
    "": {
      "dependencies": {
        "@primer/octicons": "^19.28.0"
      }
    },
    "node_modules/@primer/octicons": {
      "version": "19.28.0",
      "resolved": "https://registry.npmjs.org/@primer/octicons/-/octicons-19.28.0.tgz",
      "integrity": "sha512-FCpW9ZXI9U9h7wjYSXFQK4Zyp1Roc/kF8nymak4bYccWaWoUixbnIr4u8UYiRoPRSglm+23TZEyUZHrgNql9Jw==",
      "license": "MIT",
      "dependencies": {
        "object-assign": "^4.1.1"
      }
    },
    "node_modules/object-assign": {
      "version": "4.1.1",
      "resolved": "https://registry.npmjs.org/object-assign/-/object-assign-4.1.1.tgz",
      "integrity": "sha512-rJgTQnkUnH1sFw8yT6VSU3zD3sWmu6sZhIseY8VX+GRu3P6F7Fu+JNDoXfklElbLJSnc3FUQHVe4cU5hj+BcUg==",
      "license": "MIT",
      "engines": {
        "node": ">=0.10.0"
      }
    }
  }
}
